{
  "nodes": {
    "fenix": {
      "inputs": {
        "nixpkgs": [
          "nixpkgs"
        ],
        "rust-analyzer-src": "rust-analyzer-src"
      },
      "locked": {
        "lastModified": 1766731651,
        "narHash": "sha256-Fx4vOweZNpfraHBx9n9JDnz6n2vv41UK1iTApFLS/HY=",
        "owner": "nix-community",
        "repo": "fenix",
        "rev": "7cbc19864b07a3e3c4bf6909a6b353cde9cc5d7f",
        "type": "github"
      },
      "original": {
        "owner": "nix-community",
        "repo": "fenix",
        "type": "github"
      }
    },
    "nixpkgs": {
      "locked": {
        "lastModified": 1766715468,
        "narHash": "sha256-Sbb2gRSBuyu72K8v1hATFAKgEKAl0XDA2d1qIwkwAVo=",
        "owner": "NixOS",
        "repo": "nixpkgs",
        "rev": "0d2b38f933f51002f4949a53d52b3eff0026ba0c",
        "type": "github"
      },
      "original": {
        "id": "nixpkgs",
        "ref": "nixos-25.11-small",
        "type": "indirect"
      }
    },
    "root": {
      "inputs": {
        "fenix": "fenix",
        "nixpkgs": "nixpkgs"
      }
    },
    "rust-analyzer-src": {
      "flake": false,
      "locked": {
        "lastModified": 1766657615,
        "narHash": "sha256-HijBTq7UYd5Cb/xQM32vf714DuwUFX+JlN6YMrpDaF4=",
        "owner": "rust-lang",
        "repo": "rust-analyzer",
        "rev": "9581ba4daf07124f28d5b6c335ffad4c88bfce0b",
        "type": "github"
      },
      "original": {
        "owner": "rust-lang",
        "ref": "nightly",
        "repo": "rust-analyzer",
        "type": "github"
      }
    }
  },
  "root": "root",
  "version": 7
}
